
Microsoft Visual Studio Solution File, Format Version 12.00
# Visual Studio 15
Project("{FAE04EC0-301F-11D3-BF4B-00C04F79EFBC}") = "Assembly-CSharp", "Assembly-CSharp.csproj", "{0D21102D-A7D4-337E-1705-B21F01241F31}"
EndProject
Project("{FAE04EC0-301F-11D3-BF4B-00C04F79EFBC}") = "Oculus.VR.Scripts.Editor", "Oculus.VR.Scripts.Editor.csproj", "{B69C233E-0BDE-EE4A-B83D-7E7DEAC70552}"
EndProject
Global
	GlobalSection(SolutionConfigurationPlatforms) = preSolution
		Debug|Any CPU = Debug|Any CPU
		Release|Any CPU = Release|Any CPU
	EndGlobalSection
	GlobalSection(ProjectConfigurationPlatforms) = postSolution
		{0D21102D-A7D4-337E-1705-B21F01241F31}.Debug|Any CPU.ActiveCfg = Debug|Any CPU
		{0D21102D-A7D4-337E-1705-B21F01241F31}.Debug|Any CPU.Build.0 = Debug|Any CPU
		{0D21102D-A7D4-337E-1705-B21F01241F31}.Release|Any CPU.ActiveCfg = Release|Any CPU
		{0D21102D-A7D4-337E-1705-B21F01241F31}.Release|Any CPU.Build.0 = Release|Any CPU
		{B69C233E-0BDE-EE4A-B83D-7E7DEAC70552}.Debug|Any CPU.ActiveCfg = Debug|Any CPU
		{B69C233E-0BDE-EE4A-B83D-7E7DEAC70552}.Debug|Any CPU.Build.0 = Debug|Any CPU
		{B69C233E-0BDE-EE4A-B83D-7E7DEAC70552}.Release|Any CPU.ActiveCfg = Release|Any CPU
		{B69C233E-0BDE-EE4A-B83D-7E7DEAC70552}.Release|Any CPU.Build.0 = Release|Any CPU
	EndGlobalSection
	GlobalSection(SolutionProperties) = preSolution
		HideSolutionNode = FALSE
	EndGlobalSection
EndGlobal
